
Microsoft Visual Studio Solution File, Format Version 12.00
# Visual Studio 2012
Project("{FAE04EC0-301F-11D3-BF4B-00C04F79EFBC}") = "projee1", "projee1\projee1.csproj", "{E30E5773-B73D-43BC-95D2-57DAB27E7748}"
EndProject
Global
	GlobalSection(TeamFoundationVersionControl) = preSolution
		SccNumberOfProjects = 2
		SccEnterpriseProvider = {4CA58AB2-18FA-4F8D-95D4-32DDF27D184C}
		SccTeamFoundationServer = http://10.35.104.25:8080/tfs/defaultcollection
		SccLocalPath0 = .
		SccProjectUniqueName1 = projee1\\projee1.csproj
		SccProjectName1 = projee1
		SccLocalPath1 = projee1
	EndGlobalSection
	GlobalSection(SolutionConfigurationPlatforms) = preSolution
		Debug|Any CPU = Debug|Any CPU
		Release|Any CPU = Release|Any CPU
	EndGlobalSection
	GlobalSection(ProjectConfigurationPlatforms) = postSolution
		{E30E5773-B73D-43BC-95D2-57DAB27E7748}.Debug|Any CPU.ActiveCfg = Debug|Any CPU
		{E30E5773-B73D-43BC-95D2-57DAB27E7748}.Debug|Any CPU.Build.0 = Debug|Any CPU
		{E30E5773-B73D-43BC-95D2-57DAB27E7748}.Release|Any CPU.ActiveCfg = Release|Any CPU
		{E30E5773-B73D-43BC-95D2-57DAB27E7748}.Release|Any CPU.Build.0 = Release|Any CPU
	EndGlobalSection
	GlobalSection(SolutionProperties) = preSolution
		HideSolutionNode = FALSE
	EndGlobalSection
EndGlobal
